{
  "name": "einstein-ait-prod",
  "lockfileVersion": 2,
  "requires": true,
  "packages": {
    "": {
      "dependencies": {
        "openssl": "^2.0.0"
      }
    },
    "node_modules/openssl": {
      "version": "2.0.0",
      "resolved": "https://registry.npmjs.org/openssl/-/openssl-2.0.0.tgz",
      "integrity": "sha512-0FgKhQ/e+XCtTTgn3qZO2g3y+Y3FC/LGvt77oObmMR4ZkZvsV1CuG/mMZClZgZqVKr0+tkemP+I3Uub4WXkHYw==",
      "deprecated": "Package no longer supported. Contact Support at https://www.npmjs.com/support for more info."
    }
  },
  "dependencies": {
    "openssl": {
      "version": "2.0.0",
      "resolved": "https://registry.npmjs.org/openssl/-/openssl-2.0.0.tgz",
      "integrity": "sha512-0FgKhQ/e+XCtTTgn3qZO2g3y+Y3FC/LGvt77oObmMR4ZkZvsV1CuG/mMZClZgZqVKr0+tkemP+I3Uub4WXkHYw=="
    }
  }
}
